[[package]]
name = "simple-http-server"
version = "0.19.4"
description = "This is a simple http server, use MVC like design."
category = "main"
optional = false
python-versions = ">=3.7"

[metadata]
lock-version = "1.1"
python-versions = "^3.10"
content-hash = "47f920a065e2fa6494f38bebd77142e43c2abba8aa41013bdca2b35b494506f3"

[metadata.files]
simple-http-server = []
